
Microsoft Visual Studio Solution File, Format Version 12.00
# Visual Studio Version 16
VisualStudioVersion = 16.0.31112.23
MinimumVisualStudioVersion = 10.0.40219.1
Project("{8BC9CEB8-8B4A-11D0-8D11-00A0C91BC942}") = "NativeTranslatorExample", "NativeTranslatorExample\NativeTranslatorExample.vcxproj", "{F0A404AE-5ED4-4643-92C3-CB83D5F10840}"
EndProject
Global
	GlobalSection(SolutionConfigurationPlatforms) = preSolution
		Debug|x64 = Debug|x64
		Debug|x86 = Debug|x86
		Release|x64 = Release|x64
		Release|x86 = Release|x86
	EndGlobalSection
	GlobalSection(ProjectConfigurationPlatforms) = postSolution
		{F0A404AE-5ED4-4643-92C3-CB83D5F10840}.Debug|x64.ActiveCfg = Debug|x64
		{F0A404AE-5ED4-4643-92C3-CB83D5F10840}.Debug|x64.Build.0 = Debug|x64
		{F0A404AE-5ED4-4643-92C3-CB83D5F10840}.Debug|x86.ActiveCfg = Debug|Win32
		{F0A404AE-5ED4-4643-92C3-CB83D5F10840}.Debug|x86.Build.0 = Debug|Win32
		{F0A404AE-5ED4-4643-92C3-CB83D5F10840}.Release|x64.ActiveCfg = Release|x64
		{F0A404AE-5ED4-4643-92C3-CB83D5F10840}.Release|x64.Build.0 = Release|x64
		{F0A404AE-5ED4-4643-92C3-CB83D5F10840}.Release|x86.ActiveCfg = Release|Win32
		{F0A404AE-5ED4-4643-92C3-CB83D5F10840}.Release|x86.Build.0 = Release|Win32
	EndGlobalSection
	GlobalSection(SolutionProperties) = preSolution
		HideSolutionNode = FALSE
	EndGlobalSection
	GlobalSection(ExtensibilityGlobals) = postSolution
		SolutionGuid = {B145B976-A96D-4058-A10B-51123D625E20}
	EndGlobalSection
EndGlobal
